# Immutable Debian 13/amd64 inputs for the strongSwan private plugin ABI.
LOCK_FORMAT=1
TARGET_DISTRIBUTION=debian
TARGET_RELEASE=13
TARGET_ARCH=amd64
STRONGSWAN_UPSTREAM_VERSION=6.0.1
STRONGSWAN_SOURCE_VERSION=6.0.1-6+deb13u6
STRONGSWAN_ABI_UPPER_BOUND=6.0.2~

STRONGSWAN_DSC_FILE=strongswan_6.0.1-6+deb13u6.dsc
STRONGSWAN_DSC_URL=https://deb.debian.org/debian/pool/main/s/strongswan/strongswan_6.0.1-6%2Bdeb13u6.dsc
STRONGSWAN_DSC_SHA256=a66a109f0efa907dedca349ad303ff868936cf14267c9ed8705bf6731b1312a9

STRONGSWAN_ORIG_FILE=strongswan_6.0.1.orig.tar.bz2
STRONGSWAN_ORIG_URL=https://deb.debian.org/debian/pool/main/s/strongswan/strongswan_6.0.1.orig.tar.bz2
STRONGSWAN_ORIG_SHA256=212368cbc674fed31f3292210303fff06da8b90acad2d1387375ed855e6879c4

STRONGSWAN_ORIG_SIG_FILE=strongswan_6.0.1.orig.tar.bz2.asc
STRONGSWAN_ORIG_SIG_URL=https://deb.debian.org/debian/pool/main/s/strongswan/strongswan_6.0.1.orig.tar.bz2.asc
STRONGSWAN_ORIG_SIG_SHA256=da977644f98277849dffabaa84ccb1560473abecc1f4c647c55512ba64b24d46

STRONGSWAN_DEBIAN_FILE=strongswan_6.0.1-6+deb13u6.debian.tar.xz
STRONGSWAN_DEBIAN_URL=https://deb.debian.org/debian/pool/main/s/strongswan/strongswan_6.0.1-6%2Bdeb13u6.debian.tar.xz
STRONGSWAN_DEBIAN_SHA256=3e8814c09986a943703190e6aefe480e36b2854fa36d15bf075490562fc12e36

LIBSTRONGSWAN_DEB_FILE=libstrongswan_6.0.1-6+deb13u6_amd64.deb
LIBSTRONGSWAN_DEB_URL=https://deb.debian.org/debian/pool/main/s/strongswan/libstrongswan_6.0.1-6%2Bdeb13u6_amd64.deb
LIBSTRONGSWAN_DEB_SHA256=58a921ae7b7cc7c7d7f3f2c6a30b4c1e441eaa5af5f50446851655e0fcd51465

LIBCHARON_DEB_FILE=strongswan-libcharon_6.0.1-6+deb13u6_amd64.deb
LIBCHARON_DEB_URL=https://deb.debian.org/debian/pool/main/s/strongswan/strongswan-libcharon_6.0.1-6%2Bdeb13u6_amd64.deb
LIBCHARON_DEB_SHA256=5122faf52e41861cf7eca5440bcd8eae595e4eadd6fae89c8561a6df4af7f43f

LIBCHARON_EXTRA_DEB_FILE=libcharon-extra-plugins_6.0.1-6+deb13u6_amd64.deb
LIBCHARON_EXTRA_DEB_URL=https://deb.debian.org/debian/pool/main/s/strongswan/libcharon-extra-plugins_6.0.1-6%2Bdeb13u6_amd64.deb
LIBCHARON_EXTRA_DEB_SHA256=7d66406620aff85b953ca6eefa74db5c0a274962af6e454778f9fe7a246bd264
